
Microsoft Visual Studio Solution File, Format Version 12.00
# Visual Studio 15
VisualStudioVersion = 15.0.28307.271
MinimumVisualStudioVersion = 10.0.40219.1
Project("{9A19103F-16F7-4668-BE54-9A1E7A4F7556}") = "MailSendService", "MailSendService\MailSendService.csproj", "{3F3A6FEF-7019-46A9-85F1-AA52ACDB60CD}"
EndProject
Project("{9A19103F-16F7-4668-BE54-9A1E7A4F7556}") = "QueueManager", "QueueManager\QueueManager.csproj", "{021EECD2-A472-48F4-8131-8FF4A24C2EF0}"
EndProject
Project("{FAE04EC0-301F-11D3-BF4B-00C04F79EFBC}") = "QueueManager.RabbitMq", "QueueManager.RabbitMq\QueueManager.RabbitMq.csproj", "{57DA89D2-E0DC-4B43-86CA-6A0D0FC50AF1}"
EndProject
Global
	GlobalSection(SolutionConfigurationPlatforms) = preSolution
		Debug|Any CPU = Debug|Any CPU
		Release|Any CPU = Release|Any CPU
	EndGlobalSection
	GlobalSection(ProjectConfigurationPlatforms) = postSolution
		{3F3A6FEF-7019-46A9-85F1-AA52ACDB60CD}.Debug|Any CPU.ActiveCfg = Debug|Any CPU
		{3F3A6FEF-7019-46A9-85F1-AA52ACDB60CD}.Debug|Any CPU.Build.0 = Debug|Any CPU
		{3F3A6FEF-7019-46A9-85F1-AA52ACDB60CD}.Release|Any CPU.ActiveCfg = Release|Any CPU
		{3F3A6FEF-7019-46A9-85F1-AA52ACDB60CD}.Release|Any CPU.Build.0 = Release|Any CPU
		{021EECD2-A472-48F4-8131-8FF4A24C2EF0}.Debug|Any CPU.ActiveCfg = Debug|Any CPU
		{021EECD2-A472-48F4-8131-8FF4A24C2EF0}.Debug|Any CPU.Build.0 = Debug|Any CPU
		{021EECD2-A472-48F4-8131-8FF4A24C2EF0}.Release|Any CPU.ActiveCfg = Release|Any CPU
		{021EECD2-A472-48F4-8131-8FF4A24C2EF0}.Release|Any CPU.Build.0 = Release|Any CPU
		{57DA89D2-E0DC-4B43-86CA-6A0D0FC50AF1}.Debug|Any CPU.ActiveCfg = Debug|Any CPU
		{57DA89D2-E0DC-4B43-86CA-6A0D0FC50AF1}.Debug|Any CPU.Build.0 = Debug|Any CPU
		{57DA89D2-E0DC-4B43-86CA-6A0D0FC50AF1}.Release|Any CPU.ActiveCfg = Release|Any CPU
		{57DA89D2-E0DC-4B43-86CA-6A0D0FC50AF1}.Release|Any CPU.Build.0 = Release|Any CPU
	EndGlobalSection
	GlobalSection(SolutionProperties) = preSolution
		HideSolutionNode = FALSE
	EndGlobalSection
	GlobalSection(ExtensibilityGlobals) = postSolution
		SolutionGuid = {B845E6B2-26DD-46EA-9ED6-5D839AF75CA1}
	EndGlobalSection
EndGlobal
